// !$*UTF8*$!
{
	archiveVersion = 1;
	classes = {
	};
	objectVersion = 53;
	objects = {

/* Begin PBXBuildFile section */
		FB8F12EB2A300CFE009D5259 /* Sqlite3Util.swift in Sources */ = {isa = PBXBuildFile; fileRef = FB8F12EA2A300CFE009D5259 /* Sqlite3Util.swift */; };
		FB8F13912A31BE0B009D5259 /* main.swift in Sources */ = {isa = PBXBuildFile; fileRef = FB8F13902A31BE0B009D5259 /* main.swift */; };
		FB8F139A2A31BE2E009D5259 /* JDFDAUtil.mm in Sources */ = {isa = PBXBuildFile; fileRef = FB8F13982A31BE2E009D5259 /* JDFDAUtil.mm */; };
		FB8F139B2A31BE2E009D5259 /* JDFDAUtil.swift in Sources */ = {isa = PBXBuildFile; fileRef = FB8F13992A31BE2E009D5259 /* JDFDAUtil.swift */; };
		FB8F139D2A31BE90009D5259 /* Foundation.framework in Frameworks */ = {isa = PBXBuildFile; fileRef = FB8F139C2A31BE90009D5259 /* Foundation.framework */; };
		FB8F13A32A31C021009D5259 /* JDFDAUtil.cpp in Sources */ = {isa = PBXBuildFile; fileRef = FB8F13A22A31C021009D5259 /* JDFDAUtil.cpp */; };
		FBD8A0EB2A1B598800D883FC /* Label.swift in Sources */ = {isa = PBXBuildFile; fileRef = FBD8A0EA2A1B598800D883FC /* Label.swift */; };
		FBD8A0ED2A1B5B2100D883FC /* MainView.swift in Sources */ = {isa = PBXBuildFile; fileRef = FBD8A0EC2A1B5B2100D883FC /* MainView.swift */; };
		FBD8A0F22A1C557A00D883FC /* Localizable.strings in Resources */ = {isa = PBXBuildFile; fileRef = FBD8A0F42A1C557A00D883FC /* Localizable.strings */; };
		FBD8A0FA2A1C574900D883FC /* LanguageDefinition.swift in Sources */ = {isa = PBXBuildFile; fileRef = FBD8A0F92A1C574900D883FC /* LanguageDefinition.swift */; };
		FBD8A0FD2A1C578600D883FC /* String.swift in Sources */ = {isa = PBXBuildFile; fileRef = FBD8A0FC2A1C578600D883FC /* String.swift */; };
		FBD8A1042A1C746900D883FC /* LocaleManager.swift in Sources */ = {isa = PBXBuildFile; fileRef = FBD8A1032A1C746900D883FC /* LocaleManager.swift */; };
		FBD8A10C2A1ED18500D883FC /* FileManagerUtil.swift in Sources */ = {isa = PBXBuildFile; fileRef = FBD8A10B2A1ED18500D883FC /* FileManagerUtil.swift */; };
		FBD8A10E2A1F22C100D883FC /* NSApplication.swift in Sources */ = {isa = PBXBuildFile; fileRef = FBD8A10D2A1F22C100D883FC /* NSApplication.swift */; };
		FBE9E6492A1B263500CCAC9F /* AppDelegate.swift in Sources */ = {isa = PBXBuildFile; fileRef = FBE9E6482A1B263500CCAC9F /* AppDelegate.swift */; };
		FBE9E64B2A1B263500CCAC9F /* ViewController.swift in Sources */ = {isa = PBXBuildFile; fileRef = FBE9E64A2A1B263500CCAC9F /* ViewController.swift */; };
		FBE9E64D2A1B263600CCAC9F /* Assets.xcassets in Resources */ = {isa = PBXBuildFile; fileRef = FBE9E64C2A1B263600CCAC9F /* Assets.xcassets */; };
		FBE9E6502A1B263600CCAC9F /* Main.storyboard in Resources */ = {isa = PBXBuildFile; fileRef = FBE9E64E2A1B263600CCAC9F /* Main.storyboard */; };
		FBE9E65B2A1B263600CCAC9F /* IdentifierModuleTests.swift in Sources */ = {isa = PBXBuildFile; fileRef = FBE9E65A2A1B263600CCAC9F /* IdentifierModuleTests.swift */; };
		FBE9E6652A1B263600CCAC9F /* IdentifierModuleUITests.swift in Sources */ = {isa = PBXBuildFile; fileRef = FBE9E6642A1B263600CCAC9F /* IdentifierModuleUITests.swift */; };
		FBE9E6672A1B263600CCAC9F /* IdentifierModuleUITestsLaunchTests.swift in Sources */ = {isa = PBXBuildFile; fileRef = FBE9E6662A1B263600CCAC9F /* IdentifierModuleUITestsLaunchTests.swift */; };
		FBE9E6742A1B2BCB00CCAC9F /* DragView.swift in Sources */ = {isa = PBXBuildFile; fileRef = FBE9E6732A1B2BCB00CCAC9F /* DragView.swift */; };
		FBE9E6772A1B2BF200CCAC9F /* SnapKit in Frameworks */ = {isa = PBXBuildFile; productRef = FBE9E6762A1B2BF200CCAC9F /* SnapKit */; };
		FBE9E67A2A1B35C800CCAC9F /* ProcessUtil.swift in Sources */ = {isa = PBXBuildFile; fileRef = FBE9E6792A1B35C800CCAC9F /* ProcessUtil.swift */; };
/* End PBXBuildFile section */

/* Begin PBXContainerItemProxy section */
		FBE9E6572A1B263600CCAC9F /* PBXContainerItemProxy */ = {
			isa = PBXContainerItemProxy;
			containerPortal = FBE9E63D2A1B263500CCAC9F /* Project object */;
			proxyType = 1;
			remoteGlobalIDString = FBE9E6442A1B263500CCAC9F;
			remoteInfo = IdentifierModule;
		};
		FBE9E6612A1B263600CCAC9F /* PBXContainerItemProxy */ = {
			isa = PBXContainerItemProxy;
			containerPortal = FBE9E63D2A1B263500CCAC9F /* Project object */;
			proxyType = 1;
			remoteGlobalIDString = FBE9E6442A1B263500CCAC9F;
			remoteInfo = IdentifierModule;
		};
/* End PBXContainerItemProxy section */

/* Begin PBXCopyFilesBuildPhase section */
		FB8F138C2A31BE0B009D5259 /* CopyFiles */ = {
			isa = PBXCopyFilesBuildPhase;
			buildActionMask = 2147483647;
			dstPath = /usr/share/man/man1/;
			dstSubfolderSpec = 0;
			files = (
			);
			runOnlyForDeploymentPostprocessing = 1;
		};
/* End PBXCopyFilesBuildPhase section */

/* Begin PBXFileReference section */
		FB8F12EA2A300CFE009D5259 /* Sqlite3Util.swift */ = {isa = PBXFileReference; lastKnownFileType = sourcecode.swift; path = Sqlite3Util.swift; sourceTree = "<group>"; };
		FB8F138E2A31BE0B009D5259 /* FDAlib */ = {isa = PBXFileReference; explicitFileType = "compiled.mach-o.executable"; includeInIndex = 0; path = FDAlib; sourceTree = BUILT_PRODUCTS_DIR; };
		FB8F13902A31BE0B009D5259 /* main.swift */ = {isa = PBXFileReference; lastKnownFileType = sourcecode.swift; path = main.swift; sourceTree = "<group>"; };
		FB8F13952A31BE2D009D5259 /* FDAlib-Bridging-Header.h */ = {isa = PBXFileReference; lastKnownFileType = sourcecode.c.h; path = "FDAlib-Bridging-Header.h"; sourceTree = "<group>"; };
		FB8F13962A31BE2E009D5259 /* JDFDAUtil.hpp */ = {isa = PBXFileReference; fileEncoding = 4; lastKnownFileType = sourcecode.cpp.h; path = JDFDAUtil.hpp; sourceTree = "<group>"; };
		FB8F13972A31BE2E009D5259 /* JDFDAUtil.h */ = {isa = PBXFileReference; fileEncoding = 4; lastKnownFileType = sourcecode.c.h; path = JDFDAUtil.h; sourceTree = "<group>"; };
		FB8F13982A31BE2E009D5259 /* JDFDAUtil.mm */ = {isa = PBXFileReference; fileEncoding = 4; lastKnownFileType = sourcecode.cpp.objcpp; path = JDFDAUtil.mm; sourceTree = "<group>"; };
		FB8F13992A31BE2E009D5259 /* JDFDAUtil.swift */ = {isa = PBXFileReference; fileEncoding = 4; lastKnownFileType = sourcecode.swift; path = JDFDAUtil.swift; sourceTree = "<group>"; };
		FB8F139C2A31BE90009D5259 /* Foundation.framework */ = {isa = PBXFileReference; lastKnownFileType = wrapper.framework; name = Foundation.framework; path = System/Library/Frameworks/Foundation.framework; sourceTree = SDKROOT; };
		FB8F13A22A31C021009D5259 /* JDFDAUtil.cpp */ = {isa = PBXFileReference; lastKnownFileType = sourcecode.cpp.cpp; path = JDFDAUtil.cpp; sourceTree = "<group>"; };
		FBD8A0EA2A1B598800D883FC /* Label.swift */ = {isa = PBXFileReference; lastKnownFileType = sourcecode.swift; path = Label.swift; sourceTree = "<group>"; };
		FBD8A0EC2A1B5B2100D883FC /* MainView.swift */ = {isa = PBXFileReference; lastKnownFileType = sourcecode.swift; path = MainView.swift; sourceTree = "<group>"; };
		FBD8A0F32A1C557A00D883FC /* en */ = {isa = PBXFileReference; lastKnownFileType = text.plist.strings; name = en; path = en.lproj/Localizable.strings; sourceTree = "<group>"; };
		FBD8A0F52A1C557D00D883FC /* ko */ = {isa = PBXFileReference; lastKnownFileType = text.plist.strings; name = ko; path = ko.lproj/Localizable.strings; sourceTree = "<group>"; };
		FBD8A0F92A1C574900D883FC /* LanguageDefinition.swift */ = {isa = PBXFileReference; lastKnownFileType = sourcecode.swift; path = LanguageDefinition.swift; sourceTree = "<group>"; };
		FBD8A0FC2A1C578600D883FC /* String.swift */ = {isa = PBXFileReference; lastKnownFileType = sourcecode.swift; path = String.swift; sourceTree = "<group>"; };
		FBD8A1032A1C746900D883FC /* LocaleManager.swift */ = {isa = PBXFileReference; lastKnownFileType = sourcecode.swift; path = LocaleManager.swift; sourceTree = "<group>"; };
		FBD8A1092A1C9AF700D883FC /* en */ = {isa = PBXFileReference; lastKnownFileType = text.plist.strings; name = en; path = en.lproj/Main.strings; sourceTree = "<group>"; };
		FBD8A10B2A1ED18500D883FC /* FileManagerUtil.swift */ = {isa = PBXFileReference; lastKnownFileType = sourcecode.swift; path = FileManagerUtil.swift; sourceTree = "<group>"; };
		FBD8A10D2A1F22C100D883FC /* NSApplication.swift */ = {isa = PBXFileReference; lastKnownFileType = sourcecode.swift; path = NSApplication.swift; sourceTree = "<group>"; };
		FBE9E6452A1B263500CCAC9F /* IdentifierModule.app */ = {isa = PBXFileReference; explicitFileType = wrapper.application; includeInIndex = 0; path = IdentifierModule.app; sourceTree = BUILT_PRODUCTS_DIR; };
		FBE9E6482A1B263500CCAC9F /* AppDelegate.swift */ = {isa = PBXFileReference; lastKnownFileType = sourcecode.swift; path = AppDelegate.swift; sourceTree = "<group>"; };
		FBE9E64A2A1B263500CCAC9F /* ViewController.swift */ = {isa = PBXFileReference; lastKnownFileType = sourcecode.swift; path = ViewController.swift; sourceTree = "<group>"; };
		FBE9E64C2A1B263600CCAC9F /* Assets.xcassets */ = {isa = PBXFileReference; lastKnownFileType = folder.assetcatalog; path = Assets.xcassets; sourceTree = "<group>"; };
		FBE9E64F2A1B263600CCAC9F /* Base */ = {isa = PBXFileReference; lastKnownFileType = file.storyboard; name = Base; path = Base.lproj/Main.storyboard; sourceTree = "<group>"; };
		FBE9E6562A1B263600CCAC9F /* IdentifierModuleTests.xctest */ = {isa = PBXFileReference; explicitFileType = wrapper.cfbundle; includeInIndex = 0; path = IdentifierModuleTests.xctest; sourceTree = BUILT_PRODUCTS_DIR; };
		FBE9E65A2A1B263600CCAC9F /* IdentifierModuleTests.swift */ = {isa = PBXFileReference; lastKnownFileType = sourcecode.swift; path = IdentifierModuleTests.swift; sourceTree = "<group>"; };
		FBE9E6602A1B263600CCAC9F /* IdentifierModuleUITests.xctest */ = {isa = PBXFileReference; explicitFileType = wrapper.cfbundle; includeInIndex = 0; path = IdentifierModuleUITests.xctest; sourceTree = BUILT_PRODUCTS_DIR; };
		FBE9E6642A1B263600CCAC9F /* IdentifierModuleUITests.swift */ = {isa = PBXFileReference; lastKnownFileType = sourcecode.swift; path = IdentifierModuleUITests.swift; sourceTree = "<group>"; };
		FBE9E6662A1B263600CCAC9F /* IdentifierModuleUITestsLaunchTests.swift */ = {isa = PBXFileReference; lastKnownFileType = sourcecode.swift; path = IdentifierModuleUITestsLaunchTests.swift; sourceTree = "<group>"; };
		FBE9E6732A1B2BCB00CCAC9F /* DragView.swift */ = {isa = PBXFileReference; lastKnownFileType = sourcecode.swift; path = DragView.swift; sourceTree = "<group>"; };
		FBE9E6792A1B35C800CCAC9F /* ProcessUtil.swift */ = {isa = PBXFileReference; lastKnownFileType = sourcecode.swift; path = ProcessUtil.swift; sourceTree = "<group>"; };
		FBF9A3F62A288A6B0048CC84 /* Info.plist */ = {isa = PBXFileReference; lastKnownFileType = text.plist; path = Info.plist; sourceTree = "<group>"; };
		FBFFCE2A2A2C2AD100787EC9 /* libPoint.dylib */ = {isa = PBXFileReference; lastKnownFileType = "compiled.mach-o.dylib"; name = libPoint.dylib; path = ../dylibTest/dylibTest/libPoint.dylib; sourceTree = "<group>"; };
/* End PBXFileReference section */

/* Begin PBXFrameworksBuildPhase section */
		FB8F138B2A31BE0B009D5259 /* Frameworks */ = {
			isa = PBXFrameworksBuildPhase;
			buildActionMask = 2147483647;
			files = (
				FB8F139D2A31BE90009D5259 /* Foundation.framework in Frameworks */,
			);
			runOnlyForDeploymentPostprocessing = 0;
		};
		FBE9E6422A1B263500CCAC9F /* Frameworks */ = {
			isa = PBXFrameworksBuildPhase;
			buildActionMask = 2147483647;
			files = (
				FBE9E6772A1B2BF200CCAC9F /* SnapKit in Frameworks */,
			);
			runOnlyForDeploymentPostprocessing = 0;
		};
		FBE9E6532A1B263600CCAC9F /* Frameworks */ = {
			isa = PBXFrameworksBuildPhase;
			buildActionMask = 2147483647;
			files = (
			);
			runOnlyForDeploymentPostprocessing = 0;
		};
		FBE9E65D2A1B263600CCAC9F /* Frameworks */ = {
			isa = PBXFrameworksBuildPhase;
			buildActionMask = 2147483647;
			files = (
			);
			runOnlyForDeploymentPostprocessing = 0;
		};
/* End PBXFrameworksBuildPhase section */

/* Begin PBXGroup section */
		FB8F138F2A31BE0B009D5259 /* FDAlib */ = {
			isa = PBXGroup;
			children = (
				FB8F13972A31BE2E009D5259 /* JDFDAUtil.h */,
				FB8F13962A31BE2E009D5259 /* JDFDAUtil.hpp */,
				FB8F13982A31BE2E009D5259 /* JDFDAUtil.mm */,
				FB8F13992A31BE2E009D5259 /* JDFDAUtil.swift */,
				FB8F13902A31BE0B009D5259 /* main.swift */,
				FB8F13952A31BE2D009D5259 /* FDAlib-Bridging-Header.h */,
				FB8F13A22A31C021009D5259 /* JDFDAUtil.cpp */,
			);
			path = FDAlib;
			sourceTree = "<group>";
		};
		FBD8A0E92A1B598000D883FC /* Views */ = {
			isa = PBXGroup;
			children = (
				FBE9E6732A1B2BCB00CCAC9F /* DragView.swift */,
				FBD8A0EA2A1B598800D883FC /* Label.swift */,
			);
			path = Views;
			sourceTree = "<group>";
		};
		FBD8A0EF2A1C555F00D883FC /* Localizable */ = {
			isa = PBXGroup;
			children = (
				FBD8A0F42A1C557A00D883FC /* Localizable.strings */,
			);
			path = Localizable;
			sourceTree = "<group>";
		};
		FBD8A0F62A1C568D00D883FC /* Localization */ = {
			isa = PBXGroup;
			children = (
				FBD8A0F92A1C574900D883FC /* LanguageDefinition.swift */,
				FBD8A0EF2A1C555F00D883FC /* Localizable */,
			);
			path = Localization;
			sourceTree = "<group>";
		};
		FBD8A0FB2A1C577C00D883FC /* Extensions */ = {
			isa = PBXGroup;
			children = (
				FBD8A0FC2A1C578600D883FC /* String.swift */,
				FBD8A10D2A1F22C100D883FC /* NSApplication.swift */,
			);
			path = Extensions;
			sourceTree = "<group>";
		};
		FBD8A1022A1C745B00D883FC /* Managers */ = {
			isa = PBXGroup;
			children = (
				FBD8A1032A1C746900D883FC /* LocaleManager.swift */,
			);
			path = Managers;
			sourceTree = "<group>";
		};
		FBD8A10A2A1ED16900D883FC /* Utils */ = {
			isa = PBXGroup;
			children = (
				FBE9E6792A1B35C800CCAC9F /* ProcessUtil.swift */,
				FBD8A10B2A1ED18500D883FC /* FileManagerUtil.swift */,
				FB8F12EA2A300CFE009D5259 /* Sqlite3Util.swift */,
			);
			path = Utils;
			sourceTree = "<group>";
		};
		FBE9E63C2A1B263500CCAC9F = {
			isa = PBXGroup;
			children = (
				FBE9E6472A1B263500CCAC9F /* IdentifierModule */,
				FBE9E6592A1B263600CCAC9F /* IdentifierModuleTests */,
				FBE9E6632A1B263600CCAC9F /* IdentifierModuleUITests */,
				FB8F138F2A31BE0B009D5259 /* FDAlib */,
				FBE9E6462A1B263500CCAC9F /* Products */,
				FBFFCE292A2C2AD100787EC9 /* Frameworks */,
			);
			sourceTree = "<group>";
		};
		FBE9E6462A1B263500CCAC9F /* Products */ = {
			isa = PBXGroup;
			children = (
				FBE9E6452A1B263500CCAC9F /* IdentifierModule.app */,
				FBE9E6562A1B263600CCAC9F /* IdentifierModuleTests.xctest */,
				FBE9E6602A1B263600CCAC9F /* IdentifierModuleUITests.xctest */,
				FB8F138E2A31BE0B009D5259 /* FDAlib */,
			);
			name = Products;
			sourceTree = "<group>";
		};
		FBE9E6472A1B263500CCAC9F /* IdentifierModule */ = {
			isa = PBXGroup;
			children = (
				FBF9A3F62A288A6B0048CC84 /* Info.plist */,
				FBD8A10A2A1ED16900D883FC /* Utils */,
				FBD8A1022A1C745B00D883FC /* Managers */,
				FBD8A0FB2A1C577C00D883FC /* Extensions */,
				FBD8A0F62A1C568D00D883FC /* Localization */,
				FBD8A0E92A1B598000D883FC /* Views */,
				FBE9E6782A1B2C4E00CCAC9F /* DragDrop */,
				FBE9E6482A1B263500CCAC9F /* AppDelegate.swift */,
				FBE9E64C2A1B263600CCAC9F /* Assets.xcassets */,
				FBE9E64E2A1B263600CCAC9F /* Main.storyboard */,
			);
			path = IdentifierModule;
			sourceTree = "<group>";
		};
		FBE9E6592A1B263600CCAC9F /* IdentifierModuleTests */ = {
			isa = PBXGroup;
			children = (
				FBE9E65A2A1B263600CCAC9F /* IdentifierModuleTests.swift */,
			);
			path = IdentifierModuleTests;
			sourceTree = "<group>";
		};
		FBE9E6632A1B263600CCAC9F /* IdentifierModuleUITests */ = {
			isa = PBXGroup;
			children = (
				FBE9E6642A1B263600CCAC9F /* IdentifierModuleUITests.swift */,
				FBE9E6662A1B263600CCAC9F /* IdentifierModuleUITestsLaunchTests.swift */,
			);
			path = IdentifierModuleUITests;
			sourceTree = "<group>";
		};
		FBE9E6782A1B2C4E00CCAC9F /* DragDrop */ = {
			isa = PBXGroup;
			children = (
				FBE9E64A2A1B263500CCAC9F /* ViewController.swift */,
				FBD8A0EC2A1B5B2100D883FC /* MainView.swift */,
			);
			path = DragDrop;
			sourceTree = "<group>";
		};
		FBFFCE292A2C2AD100787EC9 /* Frameworks */ = {
			isa = PBXGroup;
			children = (
				FB8F139C2A31BE90009D5259 /* Foundation.framework */,
				FBFFCE2A2A2C2AD100787EC9 /* libPoint.dylib */,
			);
			name = Frameworks;
			sourceTree = "<group>";
		};
/* End PBXGroup section */

/* Begin PBXNativeTarget section */
		FB8F138D2A31BE0B009D5259 /* FDAlib */ = {
			isa = PBXNativeTarget;
			buildConfigurationList = FB8F13942A31BE0B009D5259 /* Build configuration list for PBXNativeTarget "FDAlib" */;
			buildPhases = (
				FB8F138A2A31BE0B009D5259 /* Sources */,
				FB8F138B2A31BE0B009D5259 /* Frameworks */,
				FB8F138C2A31BE0B009D5259 /* CopyFiles */,
			);
			buildRules = (
			);
			dependencies = (
			);
			name = FDAlib;
			productName = FDAlib;
			productReference = FB8F138E2A31BE0B009D5259 /* FDAlib */;
			productType = "com.apple.product-type.tool";
		};
		FBE9E6442A1B263500CCAC9F /* IdentifierModule */ = {
			isa = PBXNativeTarget;
			buildConfigurationList = FBE9E66A2A1B263600CCAC9F /* Build configuration list for PBXNativeTarget "IdentifierModule" */;
			buildPhases = (
				FBE9E6412A1B263500CCAC9F /* Sources */,
				FBE9E6422A1B263500CCAC9F /* Frameworks */,
				FBE9E6432A1B263500CCAC9F /* Resources */,
			);
			buildRules = (
			);
			dependencies = (
			);
			name = IdentifierModule;
			packageProductDependencies = (
				FBE9E6762A1B2BF200CCAC9F /* SnapKit */,
			);
			productName = IdentifierModule;
			productReference = FBE9E6452A1B263500CCAC9F /* IdentifierModule.app */;
			productType = "com.apple.product-type.application";
		};
		FBE9E6552A1B263600CCAC9F /* IdentifierModuleTests */ = {
			isa = PBXNativeTarget;
			buildConfigurationList = FBE9E66D2A1B263600CCAC9F /* Build configuration list for PBXNativeTarget "IdentifierModuleTests" */;
			buildPhases = (
				FBE9E6522A1B263600CCAC9F /* Sources */,
				FBE9E6532A1B263600CCAC9F /* Frameworks */,
				FBE9E6542A1B263600CCAC9F /* Resources */,
			);
			buildRules = (
			);
			dependencies = (
				FBE9E6582A1B263600CCAC9F /* PBXTargetDependency */,
			);
			name = IdentifierModuleTests;
			productName = IdentifierModuleTests;
			productReference = FBE9E6562A1B263600CCAC9F /* IdentifierModuleTests.xctest */;
			productType = "com.apple.product-type.bundle.unit-test";
		};
		FBE9E65F2A1B263600CCAC9F /* IdentifierModuleUITests */ = {
			isa = PBXNativeTarget;
			buildConfigurationList = FBE9E6702A1B263600CCAC9F /* Build configuration list for PBXNativeTarget "IdentifierModuleUITests" */;
			buildPhases = (
				FBE9E65C2A1B263600CCAC9F /* Sources */,
				FBE9E65D2A1B263600CCAC9F /* Frameworks */,
				FBE9E65E2A1B263600CCAC9F /* Resources */,
			);
			buildRules = (
			);
			dependencies = (
				FBE9E6622A1B263600CCAC9F /* PBXTargetDependency */,
			);
			name = IdentifierModuleUITests;
			productName = IdentifierModuleUITests;
			productReference = FBE9E6602A1B263600CCAC9F /* IdentifierModuleUITests.xctest */;
			productType = "com.apple.product-type.bundle.ui-testing";
		};
/* End PBXNativeTarget section */

/* Begin PBXProject section */
		FBE9E63D2A1B263500CCAC9F /* Project object */ = {
			isa = PBXProject;
			attributes = {
				BuildIndependentTargetsInParallel = 1;
				LastSwiftUpdateCheck = 1430;
				LastUpgradeCheck = 1430;
				TargetAttributes = {
					FB8F138D2A31BE0B009D5259 = {
						CreatedOnToolsVersion = 14.3.1;
						LastSwiftMigration = 1430;
					};
					FBE9E6442A1B263500CCAC9F = {
						CreatedOnToolsVersion = 14.3;
					};
					FBE9E6552A1B263600CCAC9F = {
						CreatedOnToolsVersion = 14.3;
						TestTargetID = FBE9E6442A1B263500CCAC9F;
					};
					FBE9E65F2A1B263600CCAC9F = {
						CreatedOnToolsVersion = 14.3;
						TestTargetID = FBE9E6442A1B263500CCAC9F;
					};
				};
			};
			buildConfigurationList = FBE9E6402A1B263500CCAC9F /* Build configuration list for PBXProject "IdentifierModule" */;
			compatibilityVersion = "Xcode 9.3";
			developmentRegion = ko;
			hasScannedForEncodings = 0;
			knownRegions = (
				en,
				Base,
				ko,
			);
			mainGroup = FBE9E63C2A1B263500CCAC9F;
			packageReferences = (
				FBE9E6752A1B2BF100CCAC9F /* XCRemoteSwiftPackageReference "SnapKit" */,
			);
			productRefGroup = FBE9E6462A1B263500CCAC9F /* Products */;
			projectDirPath = "";
			projectRoot = "";
			targets = (
				FBE9E6442A1B263500CCAC9F /* IdentifierModule */,
				FBE9E6552A1B263600CCAC9F /* IdentifierModuleTests */,
				FBE9E65F2A1B263600CCAC9F /* IdentifierModuleUITests */,
				FB8F138D2A31BE0B009D5259 /* FDAlib */,
			);
		};
/* End PBXProject section */

/* Begin PBXResourcesBuildPhase section */
		FBE9E6432A1B263500CCAC9F /* Resources */ = {
			isa = PBXResourcesBuildPhase;
			buildActionMask = 2147483647;
			files = (
				FBE9E64D2A1B263600CCAC9F /* Assets.xcassets in Resources */,
				FBD8A0F22A1C557A00D883FC /* Localizable.strings in Resources */,
				FBE9E6502A1B263600CCAC9F /* Main.storyboard in Resources */,
			);
			runOnlyForDeploymentPostprocessing = 0;
		};
		FBE9E6542A1B263600CCAC9F /* Resources */ = {
			isa = PBXResourcesBuildPhase;
			buildActionMask = 2147483647;
			files = (
			);
			runOnlyForDeploymentPostprocessing = 0;
		};
		FBE9E65E2A1B263600CCAC9F /* Resources */ = {
			isa = PBXResourcesBuildPhase;
			buildActionMask = 2147483647;
			files = (
			);
			runOnlyForDeploymentPostprocessing = 0;
		};
/* End PBXResourcesBuildPhase section */

/* Begin PBXSourcesBuildPhase section */
		FB8F138A2A31BE0B009D5259 /* Sources */ = {
			isa = PBXSourcesBuildPhase;
			buildActionMask = 2147483647;
			files = (
				FB8F139B2A31BE2E009D5259 /* JDFDAUtil.swift in Sources */,
				FB8F13A32A31C021009D5259 /* JDFDAUtil.cpp in Sources */,
				FB8F13912A31BE0B009D5259 /* main.swift in Sources */,
				FB8F139A2A31BE2E009D5259 /* JDFDAUtil.mm in Sources */,
			);
			runOnlyForDeploymentPostprocessing = 0;
		};
		FBE9E6412A1B263500CCAC9F /* Sources */ = {
			isa = PBXSourcesBuildPhase;
			buildActionMask = 2147483647;
			files = (
				FBE9E64B2A1B263500CCAC9F /* ViewController.swift in Sources */,
				FB8F12EB2A300CFE009D5259 /* Sqlite3Util.swift in Sources */,
				FBD8A1042A1C746900D883FC /* LocaleManager.swift in Sources */,
				FBD8A0ED2A1B5B2100D883FC /* MainView.swift in Sources */,
				FBE9E6492A1B263500CCAC9F /* AppDelegate.swift in Sources */,
				FBE9E67A2A1B35C800CCAC9F /* ProcessUtil.swift in Sources */,
				FBD8A0EB2A1B598800D883FC /* Label.swift in Sources */,
				FBD8A0FA2A1C574900D883FC /* LanguageDefinition.swift in Sources */,
				FBD8A10C2A1ED18500D883FC /* FileManagerUtil.swift in Sources */,
				FBD8A10E2A1F22C100D883FC /* NSApplication.swift in Sources */,
				FBD8A0FD2A1C578600D883FC /* String.swift in Sources */,
				FBE9E6742A1B2BCB00CCAC9F /* DragView.swift in Sources */,
			);
			runOnlyForDeploymentPostprocessing = 0;
		};
		FBE9E6522A1B263600CCAC9F /* Sources */ = {
			isa = PBXSourcesBuildPhase;
			buildActionMask = 2147483647;
			files = (
				FBE9E65B2A1B263600CCAC9F /* IdentifierModuleTests.swift in Sources */,
			);
			runOnlyForDeploymentPostprocessing = 0;
		};
		FBE9E65C2A1B263600CCAC9F /* Sources */ = {
			isa = PBXSourcesBuildPhase;
			buildActionMask = 2147483647;
			files = (
				FBE9E6652A1B263600CCAC9F /* IdentifierModuleUITests.swift in Sources */,
				FBE9E6672A1B263600CCAC9F /* IdentifierModuleUITestsLaunchTests.swift in Sources */,
			);
			runOnlyForDeploymentPostprocessing = 0;
		};
/* End PBXSourcesBuildPhase section */

/* Begin PBXTargetDependency section */
		FBE9E6582A1B263600CCAC9F /* PBXTargetDependency */ = {
			isa = PBXTargetDependency;
			target = FBE9E6442A1B263500CCAC9F /* IdentifierModule */;
			targetProxy = FBE9E6572A1B263600CCAC9F /* PBXContainerItemProxy */;
		};
		FBE9E6622A1B263600CCAC9F /* PBXTargetDependency */ = {
			isa = PBXTargetDependency;
			target = FBE9E6442A1B263500CCAC9F /* IdentifierModule */;
			targetProxy = FBE9E6612A1B263600CCAC9F /* PBXContainerItemProxy */;
		};
/* End PBXTargetDependency section */

/* Begin PBXVariantGroup section */
		FBD8A0F42A1C557A00D883FC /* Localizable.strings */ = {
			isa = PBXVariantGroup;
			children = (
				FBD8A0F32A1C557A00D883FC /* en */,
				FBD8A0F52A1C557D00D883FC /* ko */,
			);
			name = Localizable.strings;
			sourceTree = "<group>";
		};
		FBE9E64E2A1B263600CCAC9F /* Main.storyboard */ = {
			isa = PBXVariantGroup;
			children = (
				FBE9E64F2A1B263600CCAC9F /* Base */,
				FBD8A1092A1C9AF700D883FC /* en */,
			);
			name = Main.storyboard;
			sourceTree = "<group>";
		};
/* End PBXVariantGroup section */

/* Begin XCBuildConfiguration section */
		FB8F13922A31BE0B009D5259 /* Debug */ = {
			isa = XCBuildConfiguration;
			buildSettings = {
				ARCHS = "$(ARCHS_STANDARD)";
				CLANG_ENABLE_MODULES = YES;
				CODE_SIGN_STYLE = Automatic;
				DEVELOPMENT_TEAM = 7N39VX8969;
				ENABLE_HARDENED_RUNTIME = YES;
				MACH_O_TYPE = mh_dylib;
				MACOSX_DEPLOYMENT_TARGET = 11.0;
				PRODUCT_NAME = "$(TARGET_NAME)";
				SWIFT_OBJC_BRIDGING_HEADER = "FDAlib/FDAlib-Bridging-Header.h";
				SWIFT_OPTIMIZATION_LEVEL = "-Onone";
				SWIFT_VERSION = 5.0;
			};
			name = Debug;
		};
		FB8F13932A31BE0B009D5259 /* Release */ = {
			isa = XCBuildConfiguration;
			buildSettings = {
				ARCHS = "$(ARCHS_STANDARD)";
				CLANG_ENABLE_MODULES = YES;
				CODE_SIGN_STYLE = Automatic;
				DEVELOPMENT_TEAM = 7N39VX8969;
				ENABLE_HARDENED_RUNTIME = YES;
				MACH_O_TYPE = mh_dylib;
				MACOSX_DEPLOYMENT_TARGET = 11.0;
				PRODUCT_NAME = "$(TARGET_NAME)";
				SWIFT_OBJC_BRIDGING_HEADER = "FDAlib/FDAlib-Bridging-Header.h";
				SWIFT_VERSION = 5.0;
			};
			name = Release;
		};
		FBE9E6682A1B263600CCAC9F /* Debug */ = {
			isa = XCBuildConfiguration;
			buildSettings = {
				ALWAYS_SEARCH_USER_PATHS = NO;
				CLANG_ANALYZER_LOCALIZABILITY_NONLOCALIZED = YES;
				CLANG_ANALYZER_NONNULL = YES;
				CLANG_ANALYZER_NUMBER_OBJECT_CONVERSION = YES_AGGRESSIVE;
				CLANG_CXX_LANGUAGE_STANDARD = "gnu++20";
				CLANG_ENABLE_MODULES = YES;
				CLANG_ENABLE_OBJC_ARC = YES;
				CLANG_ENABLE_OBJC_WEAK = YES;
				CLANG_WARN_BLOCK_CAPTURE_AUTORELEASING = YES;
				CLANG_WARN_BOOL_CONVERSION = YES;
				CLANG_WARN_COMMA = YES;
				CLANG_WARN_CONSTANT_CONVERSION = YES;
				CLANG_WARN_DEPRECATED_OBJC_IMPLEMENTATIONS = YES;
				CLANG_WARN_DIRECT_OBJC_ISA_USAGE = YES_ERROR;
				CLANG_WARN_DOCUMENTATION_COMMENTS = YES;
				CLANG_WARN_EMPTY_BODY = YES;
				CLANG_WARN_ENUM_CONVERSION = YES;
				CLANG_WARN_INFINITE_RECURSION = YES;
				CLANG_WARN_INT_CONVERSION = YES;
				CLANG_WARN_NON_LITERAL_NULL_CONVERSION = YES;
				CLANG_WARN_OBJC_IMPLICIT_RETAIN_SELF = YES;
				CLANG_WARN_OBJC_LITERAL_CONVERSION = YES;
				CLANG_WARN_OBJC_ROOT_CLASS = YES_ERROR;
				CLANG_WARN_QUOTED_INCLUDE_IN_FRAMEWORK_HEADER = YES;
				CLANG_WARN_RANGE_LOOP_ANALYSIS = YES;
				CLANG_WARN_STRICT_PROTOTYPES = YES;
				CLANG_WARN_SUSPICIOUS_MOVE = YES;
				CLANG_WARN_UNGUARDED_AVAILABILITY = YES_AGGRESSIVE;
				CLANG_WARN_UNREACHABLE_CODE = YES;
				CLANG_WARN__DUPLICATE_METHOD_MATCH = YES;
				COPY_PHASE_STRIP = NO;
				DEBUG_INFORMATION_FORMAT = dwarf;
				ENABLE_STRICT_OBJC_MSGSEND = YES;
				ENABLE_TESTABILITY = YES;
				GCC_C_LANGUAGE_STANDARD = gnu11;
				GCC_DYNAMIC_NO_PIC = NO;
				GCC_NO_COMMON_BLOCKS = YES;
				GCC_OPTIMIZATION_LEVEL = 0;
				GCC_PREPROCESSOR_DEFINITIONS = (
					"DEBUG=1",
					"$(inherited)",
				);
				GCC_WARN_64_TO_32_BIT_CONVERSION = YES;
				GCC_WARN_ABOUT_RETURN_TYPE = YES_ERROR;
				GCC_WARN_UNDECLARED_SELECTOR = YES;
				GCC_WARN_UNINITIALIZED_AUTOS = YES_AGGRESSIVE;
				GCC_WARN_UNUSED_FUNCTION = YES;
				GCC_WARN_UNUSED_VARIABLE = YES;
				MACOSX_DEPLOYMENT_TARGET = 12.0;
				MTL_ENABLE_DEBUG_INFO = INCLUDE_SOURCE;
				MTL_FAST_MATH = YES;
				ONLY_ACTIVE_ARCH = YES;
				SDKROOT = macosx;
				SWIFT_ACTIVE_COMPILATION_CONDITIONS = DEBUG;
				SWIFT_OPTIMIZATION_LEVEL = "-Onone";
			};
			name = Debug;
		};
		FBE9E6692A1B263600CCAC9F /* Release */ = {
			isa = XCBuildConfiguration;
			buildSettings = {
				ALWAYS_SEARCH_USER_PATHS = NO;
				CLANG_ANALYZER_LOCALIZABILITY_NONLOCALIZED = YES;
				CLANG_ANALYZER_NONNULL = YES;
				CLANG_ANALYZER_NUMBER_OBJECT_CONVERSION = YES_AGGRESSIVE;
				CLANG_CXX_LANGUAGE_STANDARD = "gnu++20";
				CLANG_ENABLE_MODULES = YES;
				CLANG_ENABLE_OBJC_ARC = YES;
				CLANG_ENABLE_OBJC_WEAK = YES;
				CLANG_WARN_BLOCK_CAPTURE_AUTORELEASING = YES;
				CLANG_WARN_BOOL_CONVERSION = YES;
				CLANG_WARN_COMMA = YES;
				CLANG_WARN_CONSTANT_CONVERSION = YES;
				CLANG_WARN_DEPRECATED_OBJC_IMPLEMENTATIONS = YES;
				CLANG_WARN_DIRECT_OBJC_ISA_USAGE = YES_ERROR;
				CLANG_WARN_DOCUMENTATION_COMMENTS = YES;
				CLANG_WARN_EMPTY_BODY = YES;
				CLANG_WARN_ENUM_CONVERSION = YES;
				CLANG_WARN_INFINITE_RECURSION = YES;
				CLANG_WARN_INT_CONVERSION = YES;
				CLANG_WARN_NON_LITERAL_NULL_CONVERSION = YES;
				CLANG_WARN_OBJC_IMPLICIT_RETAIN_SELF = YES;
				CLANG_WARN_OBJC_LITERAL_CONVERSION = YES;
				CLANG_WARN_OBJC_ROOT_CLASS = YES_ERROR;
				CLANG_WARN_QUOTED_INCLUDE_IN_FRAMEWORK_HEADER = YES;
				CLANG_WARN_RANGE_LOOP_ANALYSIS = YES;
				CLANG_WARN_STRICT_PROTOTYPES = YES;
				CLANG_WARN_SUSPICIOUS_MOVE = YES;
				CLANG_WARN_UNGUARDED_AVAILABILITY = YES_AGGRESSIVE;
				CLANG_WARN_UNREACHABLE_CODE = YES;
				CLANG_WARN__DUPLICATE_METHOD_MATCH = YES;
				COPY_PHASE_STRIP = NO;
				DEBUG_INFORMATION_FORMAT = "dwarf-with-dsym";
				ENABLE_NS_ASSERTIONS = NO;
				ENABLE_STRICT_OBJC_MSGSEND = YES;
				GCC_C_LANGUAGE_STANDARD = gnu11;
				GCC_NO_COMMON_BLOCKS = YES;
				GCC_WARN_64_TO_32_BIT_CONVERSION = YES;
				GCC_WARN_ABOUT_RETURN_TYPE = YES_ERROR;
				GCC_WARN_UNDECLARED_SELECTOR = YES;
				GCC_WARN_UNINITIALIZED_AUTOS = YES_AGGRESSIVE;
				GCC_WARN_UNUSED_FUNCTION = YES;
				GCC_WARN_UNUSED_VARIABLE = YES;
				MACOSX_DEPLOYMENT_TARGET = 12.0;
				MTL_ENABLE_DEBUG_INFO = NO;
				MTL_FAST_MATH = YES;
				SDKROOT = macosx;
				SWIFT_COMPILATION_MODE = wholemodule;
				SWIFT_OPTIMIZATION_LEVEL = "-O";
			};
			name = Release;
		};
		FBE9E66B2A1B263600CCAC9F /* Debug */ = {
			isa = XCBuildConfiguration;
			buildSettings = {
				ASSETCATALOG_COMPILER_APPICON_NAME = AppIcon;
				ASSETCATALOG_COMPILER_GLOBAL_ACCENT_COLOR_NAME = AccentColor;
				"CODE_SIGN_IDENTITY[sdk=macosx*]" = "-";
				CODE_SIGN_STYLE = Automatic;
				COMBINE_HIDPI_IMAGES = YES;
				CURRENT_PROJECT_VERSION = 1;
				DEVELOPMENT_TEAM = 5GQ5L55Y79;
				ENABLE_HARDENED_RUNTIME = YES;
				GENERATE_INFOPLIST_FILE = YES;
				INFOPLIST_FILE = IdentifierModule/Info.plist;
				INFOPLIST_KEY_NSHumanReadableCopyright = "";
				INFOPLIST_KEY_NSMainStoryboardFile = Main;
				INFOPLIST_KEY_NSPrincipalClass = NSApplication;
				INFOPLIST_KEY_NSSystemExtensionUsageDescription = "End Point Protection Extension ";
				LD_RUNPATH_SEARCH_PATHS = (
					"$(inherited)",
					"@executable_path/../Frameworks",
				);
				MACOSX_DEPLOYMENT_TARGET = 12.0;
				MARKETING_VERSION = 1.0;
				PRODUCT_BUNDLE_IDENTIFIER = com.IdentifierModule;
				PRODUCT_NAME = "$(TARGET_NAME)";
				SWIFT_EMIT_LOC_STRINGS = YES;
				SWIFT_VERSION = 5.0;
			};
			name = Debug;
		};
		FBE9E66C2A1B263600CCAC9F /* Release */ = {
			isa = XCBuildConfiguration;
			buildSettings = {
				ASSETCATALOG_COMPILER_APPICON_NAME = AppIcon;
				ASSETCATALOG_COMPILER_GLOBAL_ACCENT_COLOR_NAME = AccentColor;
				"CODE_SIGN_IDENTITY[sdk=macosx*]" = "-";
				CODE_SIGN_STYLE = Automatic;
				COMBINE_HIDPI_IMAGES = YES;
				CURRENT_PROJECT_VERSION = 1;
				DEVELOPMENT_TEAM = 5GQ5L55Y79;
				ENABLE_HARDENED_RUNTIME = YES;
				GENERATE_INFOPLIST_FILE = YES;
				INFOPLIST_FILE = IdentifierModule/Info.plist;
				INFOPLIST_KEY_NSHumanReadableCopyright = "";
				INFOPLIST_KEY_NSMainStoryboardFile = Main;
				INFOPLIST_KEY_NSPrincipalClass = NSApplication;
				INFOPLIST_KEY_NSSystemExtensionUsageDescription = "End Point Protection Extension ";
				LD_RUNPATH_SEARCH_PATHS = (
					"$(inherited)",
					"@executable_path/../Frameworks",
				);
				MACOSX_DEPLOYMENT_TARGET = 12.0;
				MARKETING_VERSION = 1.0;
				PRODUCT_BUNDLE_IDENTIFIER = com.IdentifierModule;
				PRODUCT_NAME = "$(TARGET_NAME)";
				SWIFT_EMIT_LOC_STRINGS = YES;
				SWIFT_VERSION = 5.0;
			};
			name = Release;
		};
		FBE9E66E2A1B263600CCAC9F /* Debug */ = {
			isa = XCBuildConfiguration;
			buildSettings = {
				ALWAYS_EMBED_SWIFT_STANDARD_LIBRARIES = YES;
				BUNDLE_LOADER = "$(TEST_HOST)";
				CODE_SIGN_STYLE = Automatic;
				CURRENT_PROJECT_VERSION = 1;
				DEVELOPMENT_TEAM = QUVU2PY6PG;
				GENERATE_INFOPLIST_FILE = YES;
				MACOSX_DEPLOYMENT_TARGET = 13.3;
				MARKETING_VERSION = 1.0;
				PRODUCT_BUNDLE_IDENTIFIER = com.PFEndPointSecurityAppTemp.IdentifierModuleTests;
				PRODUCT_NAME = "$(TARGET_NAME)";
				SWIFT_EMIT_LOC_STRINGS = NO;
				SWIFT_VERSION = 5.0;
				TEST_HOST = "$(BUILT_PRODUCTS_DIR)/IdentifierModule.app/$(BUNDLE_EXECUTABLE_FOLDER_PATH)/IdentifierModule";
			};
			name = Debug;
		};
		FBE9E66F2A1B263600CCAC9F /* Release */ = {
			isa = XCBuildConfiguration;
			buildSettings = {
				ALWAYS_EMBED_SWIFT_STANDARD_LIBRARIES = YES;
				BUNDLE_LOADER = "$(TEST_HOST)";
				CODE_SIGN_STYLE = Automatic;
				CURRENT_PROJECT_VERSION = 1;
				DEVELOPMENT_TEAM = QUVU2PY6PG;
				GENERATE_INFOPLIST_FILE = YES;
				MACOSX_DEPLOYMENT_TARGET = 13.3;
				MARKETING_VERSION = 1.0;
				PRODUCT_BUNDLE_IDENTIFIER = com.PFEndPointSecurityAppTemp.IdentifierModuleTests;
				PRODUCT_NAME = "$(TARGET_NAME)";
				SWIFT_EMIT_LOC_STRINGS = NO;
				SWIFT_VERSION = 5.0;
				TEST_HOST = "$(BUILT_PRODUCTS_DIR)/IdentifierModule.app/$(BUNDLE_EXECUTABLE_FOLDER_PATH)/IdentifierModule";
			};
			name = Release;
		};
		FBE9E6712A1B263600CCAC9F /* Debug */ = {
			isa = XCBuildConfiguration;
			buildSettings = {
				ALWAYS_EMBED_SWIFT_STANDARD_LIBRARIES = YES;
				CODE_SIGN_STYLE = Automatic;
				CURRENT_PROJECT_VERSION = 1;
				DEVELOPMENT_TEAM = QUVU2PY6PG;
				GENERATE_INFOPLIST_FILE = YES;
				MARKETING_VERSION = 1.0;
				PRODUCT_BUNDLE_IDENTIFIER = com.PFEndPointSecurityAppTemp.IdentifierModuleUITests;
				PRODUCT_NAME = "$(TARGET_NAME)";
				SWIFT_EMIT_LOC_STRINGS = NO;
				SWIFT_VERSION = 5.0;
				TEST_TARGET_NAME = IdentifierModule;
			};
			name = Debug;
		};
		FBE9E6722A1B263600CCAC9F /* Release */ = {
			isa = XCBuildConfiguration;
			buildSettings = {
				ALWAYS_EMBED_SWIFT_STANDARD_LIBRARIES = YES;
				CODE_SIGN_STYLE = Automatic;
				CURRENT_PROJECT_VERSION = 1;
				DEVELOPMENT_TEAM = QUVU2PY6PG;
				GENERATE_INFOPLIST_FILE = YES;
				MARKETING_VERSION = 1.0;
				PRODUCT_BUNDLE_IDENTIFIER = com.PFEndPointSecurityAppTemp.IdentifierModuleUITests;
				PRODUCT_NAME = "$(TARGET_NAME)";
				SWIFT_EMIT_LOC_STRINGS = NO;
				SWIFT_VERSION = 5.0;
				TEST_TARGET_NAME = IdentifierModule;
			};
			name = Release;
		};
/* End XCBuildConfiguration section */

/* Begin XCConfigurationList section */
		FB8F13942A31BE0B009D5259 /* Build configuration list for PBXNativeTarget "FDAlib" */ = {
			isa = XCConfigurationList;
			buildConfigurations = (
				FB8F13922A31BE0B009D5259 /* Debug */,
				FB8F13932A31BE0B009D5259 /* Release */,
			);
			defaultConfigurationIsVisible = 0;
			defaultConfigurationName = Release;
		};
		FBE9E6402A1B263500CCAC9F /* Build configuration list for PBXProject "IdentifierModule" */ = {
			isa = XCConfigurationList;
			buildConfigurations = (
				FBE9E6682A1B263600CCAC9F /* Debug */,
				FBE9E6692A1B263600CCAC9F /* Release */,
			);
			defaultConfigurationIsVisible = 0;
			defaultConfigurationName = Release;
		};
		FBE9E66A2A1B263600CCAC9F /* Build configuration list for PBXNativeTarget "IdentifierModule" */ = {
			isa = XCConfigurationList;
			buildConfigurations = (
				FBE9E66B2A1B263600CCAC9F /* Debug */,
				FBE9E66C2A1B263600CCAC9F /* Release */,
			);
			defaultConfigurationIsVisible = 0;
			defaultConfigurationName = Release;
		};
		FBE9E66D2A1B263600CCAC9F /* Build configuration list for PBXNativeTarget "IdentifierModuleTests" */ = {
			isa = XCConfigurationList;
			buildConfigurations = (
				FBE9E66E2A1B263600CCAC9F /* Debug */,
				FBE9E66F2A1B263600CCAC9F /* Release */,
			);
			defaultConfigurationIsVisible = 0;
			defaultConfigurationName = Release;
		};
		FBE9E6702A1B263600CCAC9F /* Build configuration list for PBXNativeTarget "IdentifierModuleUITests" */ = {
			isa = XCConfigurationList;
			buildConfigurations = (
				FBE9E6712A1B263600CCAC9F /* Debug */,
				FBE9E6722A1B263600CCAC9F /* Release */,
			);
			defaultConfigurationIsVisible = 0;
			defaultConfigurationName = Release;
		};
/* End XCConfigurationList section */

/* Begin XCRemoteSwiftPackageReference section */
		FBE9E6752A1B2BF100CCAC9F /* XCRemoteSwiftPackageReference "SnapKit" */ = {
			isa = XCRemoteSwiftPackageReference;
			repositoryURL = "https://github.com/SnapKit/SnapKit.git";
			requirement = {
				kind = upToNextMajorVersion;
				minimumVersion = 5.0.0;
			};
		};
/* End XCRemoteSwiftPackageReference section */

/* Begin XCSwiftPackageProductDependency section */
		FBE9E6762A1B2BF200CCAC9F /* SnapKit */ = {
			isa = XCSwiftPackageProductDependency;
			package = FBE9E6752A1B2BF100CCAC9F /* XCRemoteSwiftPackageReference "SnapKit" */;
			productName = SnapKit;
		};
/* End XCSwiftPackageProductDependency section */
	};
	rootObject = FBE9E63D2A1B263500CCAC9F /* Project object */;
}
